dependencies:
- name: gloo-mesh-crds
  repository: file:///home/runner/work/gloo-mesh-enterprise/gloo-mesh-enterprise/install/helm/gloo-mesh-crds
  version: 2.1.0
- name: rate-limiter
  repository: https://storage.googleapis.com/rate-limiter-helm
  version: 0.7.5
- name: ext-auth-service
  repository: https://storage.googleapis.com/ext-auth-service-helm
  version: 0.28.0
- name: sidecar-accel
  repository: https://storage.googleapis.com/gloo-mesh-enterprise/sidecar-accel
  version: 0.1.0
- name: gloo-mesh-managed-installations
  repository: file:///home/runner/work/gloo-mesh-enterprise/gloo-mesh-enterprise/install/helm/gloo-mesh-managed-installations
  version: 2.1.0
- name: gloo-network-agent
  repository: https://storage.googleapis.com/gloo-mesh-enterprise/gloo-network-agent
  version: 0.1.0
digest: sha256:1df81d0cf98f054349ded3abaa576a2ec35da9c92a10beabda576eb6cdaf0f70
generated: "2022-11-01T22:02:28.446880201Z"
